
Microsoft Visual Studio Solution File, Format Version 12.00
# Visual Studio Version 17
VisualStudioVersion = 17.3.32901.215
MinimumVisualStudioVersion = 10.0.40219.1
Project("{FAE04EC0-301F-11D3-BF4B-00C04F79EFBC}") = "Практические работы по РПМ", "Практические работы по РПМ\Практические работы по РПМ.csproj", "{5CB0E1E4-2207-4CC0-85AB-9F49D3143568}"
EndProject
Global
	GlobalSection(SolutionConfigurationPlatforms) = preSolution
		Debug|Any CPU = Debug|Any CPU
		Release|Any CPU = Release|Any CPU
	EndGlobalSection
	GlobalSection(ProjectConfigurationPlatforms) = postSolution
		{5CB0E1E4-2207-4CC0-85AB-9F49D3143568}.Debug|Any CPU.ActiveCfg = Debug|Any CPU
		{5CB0E1E4-2207-4CC0-85AB-9F49D3143568}.Debug|Any CPU.Build.0 = Debug|Any CPU
		{5CB0E1E4-2207-4CC0-85AB-9F49D3143568}.Release|Any CPU.ActiveCfg = Release|Any CPU
		{5CB0E1E4-2207-4CC0-85AB-9F49D3143568}.Release|Any CPU.Build.0 = Release|Any CPU
	EndGlobalSection
	GlobalSection(SolutionProperties) = preSolution
		HideSolutionNode = FALSE
	EndGlobalSection
	GlobalSection(ExtensibilityGlobals) = postSolution
		SolutionGuid = {D953B905-80E9-4D91-A5DC-A720E0D52EEB}
	EndGlobalSection
EndGlobal
